
Microsoft Visual Studio Solution File, Format Version 12.00
# Visual Studio Version 16
VisualStudioVersion = 25.0.1706.0
MinimumVisualStudioVersion = 10.0.40219.1
Project("{FAE04EC0-301F-11D3-BF4B-00C04F79EFBC}") = "EnemyLogic", "EnemyLogic\EnemyLogic.csproj", "{B2609CCC-5A3F-40DA-A387-FA2B63FB9220}"
EndProject
Global
	GlobalSection(SolutionConfigurationPlatforms) = preSolution
		Debug|Any CPU = Debug|Any CPU
		Release|Any CPU = Release|Any CPU
	EndGlobalSection
	GlobalSection(ProjectConfigurationPlatforms) = postSolution
		{B2609CCC-5A3F-40DA-A387-FA2B63FB9220}.Debug|Any CPU.ActiveCfg = Debug|Any CPU
		{B2609CCC-5A3F-40DA-A387-FA2B63FB9220}.Debug|Any CPU.Build.0 = Debug|Any CPU
		{B2609CCC-5A3F-40DA-A387-FA2B63FB9220}.Release|Any CPU.ActiveCfg = Release|Any CPU
		{B2609CCC-5A3F-40DA-A387-FA2B63FB9220}.Release|Any CPU.Build.0 = Release|Any CPU
	EndGlobalSection
	GlobalSection(SolutionProperties) = preSolution
		HideSolutionNode = FALSE
	EndGlobalSection
	GlobalSection(ExtensibilityGlobals) = postSolution
		SolutionGuid = {7202BCC3-F182-467F-B6D2-453B6D5B049B}
	EndGlobalSection
EndGlobal
